// !$*UTF8*$!
{
	archiveVersion = 1;
	classes = {
	};
	objectVersion = 46;
	objects = {

/* Begin PBXBuildFile section */
		E374403E1B1D6AA000821EF0 /* SearchViewController.m in Sources */ = {isa = PBXBuildFile; fileRef = E374403D1B1D6AA000821EF0 /* SearchViewController.m */; };
		E3A3168F1ADFD007002437B4 /* main.m in Sources */ = {isa = PBXBuildFile; fileRef = E3A3168E1ADFD007002437B4 /* main.m */; };
		E3A316921ADFD007002437B4 /* AppDelegate.m in Sources */ = {isa = PBXBuildFile; fileRef = E3A316911ADFD007002437B4 /* AppDelegate.m */; };
		E3A316951ADFD007002437B4 /* FirstViewController.m in Sources */ = {isa = PBXBuildFile; fileRef = E3A316941ADFD007002437B4 /* FirstViewController.m */; };
		E3A316981ADFD007002437B4 /* SecondViewController.m in Sources */ = {isa = PBXBuildFile; fileRef = E3A316971ADFD007002437B4 /* SecondViewController.m */; };
		E3A3169B1ADFD007002437B4 /* Main.storyboard in Resources */ = {isa = PBXBuildFile; fileRef = E3A316991ADFD007002437B4 /* Main.storyboard */; };
		E3A3169D1ADFD007002437B4 /* Images.xcassets in Resources */ = {isa = PBXBuildFile; fileRef = E3A3169C1ADFD007002437B4 /* Images.xcassets */; };
		E3A316A01ADFD007002437B4 /* LaunchScreen.xib in Resources */ = {isa = PBXBuildFile; fileRef = E3A3169E1ADFD007002437B4 /* LaunchScreen.xib */; };
/* End PBXBuildFile section */

/* Begin PBXFileReference section */
		E374403C1B1D6AA000821EF0 /* SearchViewController.h */ = {isa = PBXFileReference; fileEncoding = 4; lastKnownFileType = sourcecode.c.h; path = SearchViewController.h; sourceTree = "<group>"; };
		E374403D1B1D6AA000821EF0 /* SearchViewController.m */ = {isa = PBXFileReference; fileEncoding = 4; lastKnownFileType = sourcecode.c.objc; path = SearchViewController.m; sourceTree = "<group>"; };
		E3A316891ADFD007002437B4 /* Test.app */ = {isa = PBXFileReference; explicitFileType = wrapper.application; includeInIndex = 0; path = Test.app; sourceTree = BUILT_PRODUCTS_DIR; };
		E3A3168D1ADFD007002437B4 /* Info.plist */ = {isa = PBXFileReference; lastKnownFileType = text.plist.xml; path = Info.plist; sourceTree = "<group>"; };
		E3A3168E1ADFD007002437B4 /* main.m */ = {isa = PBXFileReference; lastKnownFileType = sourcecode.c.objc; path = main.m; sourceTree = "<group>"; };
		E3A316901ADFD007002437B4 /* AppDelegate.h */ = {isa = PBXFileReference; lastKnownFileType = sourcecode.c.h; path = AppDelegate.h; sourceTree = "<group>"; };
		E3A316911ADFD007002437B4 /* AppDelegate.m */ = {isa = PBXFileReference; lastKnownFileType = sourcecode.c.objc; path = AppDelegate.m; sourceTree = "<group>"; };
		E3A316931ADFD007002437B4 /* FirstViewController.h */ = {isa = PBXFileReference; lastKnownFileType = sourcecode.c.h; path = FirstViewController.h; sourceTree = "<group>"; };
		E3A316941ADFD007002437B4 /* FirstViewController.m */ = {isa = PBXFileReference; lastKnownFileType = sourcecode.c.objc; path = FirstViewController.m; sourceTree = "<group>"; };
		E3A316961ADFD007002437B4 /* SecondViewController.h */ = {isa = PBXFileReference; lastKnownFileType = sourcecode.c.h; path = SecondViewController.h; sourceTree = "<group>"; };
		E3A316971ADFD007002437B4 /* SecondViewController.m */ = {isa = PBXFileReference; lastKnownFileType = sourcecode.c.objc; path = SecondViewController.m; sourceTree = "<group>"; };
		E3A3169A1ADFD007002437B4 /* Base */ = {isa = PBXFileReference; lastKnownFileType = file.storyboard; name = Base; path = Base.lproj/Main.storyboard; sourceTree = "<group>"; };
		E3A3169C1ADFD007002437B4 /* Images.xcassets */ = {isa = PBXFileReference; lastKnownFileType = folder.assetcatalog; path = Images.xcassets; sourceTree = "<group>"; };
		E3A3169F1ADFD007002437B4 /* Base */ = {isa = PBXFileReference; lastKnownFileType = file.xib; name = Base; path = Base.lproj/LaunchScreen.xib; sourceTree = "<group>"; };
		E3A316B61ADFD274002437B4 /* Prefix.pch */ = {isa = PBXFileReference; lastKnownFileType = sourcecode.c.h; path = Prefix.pch; sourceTree = "<group>"; };
/* End PBXFileReference section */

/* Begin PBXFrameworksBuildPhase section */
		E3A316861ADFD007002437B4 /* Frameworks */ = {
			isa = PBXFrameworksBuildPhase;
			buildActionMask = 2147483647;
			files = (
			);
			runOnlyForDeploymentPostprocessing = 0;
		};
/* End PBXFrameworksBuildPhase section */

/* Begin PBXGroup section */
		E3A316801ADFD007002437B4 = {
			isa = PBXGroup;
			children = (
				E3A3168B1ADFD007002437B4 /* Test */,
				E3A3168A1ADFD007002437B4 /* Products */,
			);
			sourceTree = "<group>";
		};
		E3A3168A1ADFD007002437B4 /* Products */ = {
			isa = PBXGroup;
			children = (
				E3A316891ADFD007002437B4 /* Test.app */,
			);
			name = Products;
			sourceTree = "<group>";
		};
		E3A3168B1ADFD007002437B4 /* Test */ = {
			isa = PBXGroup;
			children = (
				E3A316901ADFD007002437B4 /* AppDelegate.h */,
				E3A316911ADFD007002437B4 /* AppDelegate.m */,
				E3A316931ADFD007002437B4 /* FirstViewController.h */,
				E3A316941ADFD007002437B4 /* FirstViewController.m */,
				E3A316961ADFD007002437B4 /* SecondViewController.h */,
				E3A316971ADFD007002437B4 /* SecondViewController.m */,
				E374403C1B1D6AA000821EF0 /* SearchViewController.h */,
				E374403D1B1D6AA000821EF0 /* SearchViewController.m */,
				E3A316991ADFD007002437B4 /* Main.storyboard */,
				E3A3169C1ADFD007002437B4 /* Images.xcassets */,
				E3A3169E1ADFD007002437B4 /* LaunchScreen.xib */,
				E3A3168C1ADFD007002437B4 /* Supporting Files */,
			);
			path = Test;
			sourceTree = "<group>";
		};
		E3A3168C1ADFD007002437B4 /* Supporting Files */ = {
			isa = PBXGroup;
			children = (
				E3A3168D1ADFD007002437B4 /* Info.plist */,
				E3A3168E1ADFD007002437B4 /* main.m */,
				E3A316B61ADFD274002437B4 /* Prefix.pch */,
			);
			name = "Supporting Files";
			sourceTree = "<group>";
		};
/* End PBXGroup section */

/* Begin PBXNativeTarget section */
		E3A316881ADFD007002437B4 /* Test */ = {
			isa = PBXNativeTarget;
			buildConfigurationList = E3A316AF1ADFD007002437B4 /* Build configuration list for PBXNativeTarget "Test" */;
			buildPhases = (
				E3A316851ADFD007002437B4 /* Sources */,
				E3A316861ADFD007002437B4 /* Frameworks */,
				E3A316871ADFD007002437B4 /* Resources */,
			);
			buildRules = (
			);
			dependencies = (
			);
			name = Test;
			productName = Test;
			productReference = E3A316891ADFD007002437B4 /* Test.app */;
			productType = "com.apple.product-type.application";
		};
/* End PBXNativeTarget section */

/* Begin PBXProject section */
		E3A316811ADFD007002437B4 /* Project object */ = {
			isa = PBXProject;
			attributes = {
				LastUpgradeCheck = 0620;
				ORGANIZATIONNAME = Syzygy;
				TargetAttributes = {
					E3A316881ADFD007002437B4 = {
						CreatedOnToolsVersion = 6.2;
					};
				};
			};
			buildConfigurationList = E3A316841ADFD007002437B4 /* Build configuration list for PBXProject "Test" */;
			compatibilityVersion = "Xcode 3.2";
			developmentRegion = English;
			hasScannedForEncodings = 0;
			knownRegions = (
				en,
				Base,
			);
			mainGroup = E3A316801ADFD007002437B4;
			productRefGroup = E3A3168A1ADFD007002437B4 /* Products */;
			projectDirPath = "";
			projectRoot = "";
			targets = (
				E3A316881ADFD007002437B4 /* Test */,
			);
		};
/* End PBXProject section */

/* Begin PBXResourcesBuildPhase section */
		E3A316871ADFD007002437B4 /* Resources */ = {
			isa = PBXResourcesBuildPhase;
			buildActionMask = 2147483647;
			files = (
				E3A3169B1ADFD007002437B4 /* Main.storyboard in Resources */,
				E3A316A01ADFD007002437B4 /* LaunchScreen.xib in Resources */,
				E3A3169D1ADFD007002437B4 /* Images.xcassets in Resources */,
			);
			runOnlyForDeploymentPostprocessing = 0;
		};
/* End PBXResourcesBuildPhase section */

/* Begin PBXSourcesBuildPhase section */
		E3A316851ADFD007002437B4 /* Sources */ = {
			isa = PBXSourcesBuildPhase;
			buildActionMask = 2147483647;
			files = (
				E3A316981ADFD007002437B4 /* SecondViewController.m in Sources */,
				E3A316921ADFD007002437B4 /* AppDelegate.m in Sources */,
				E374403E1B1D6AA000821EF0 /* SearchViewController.m in Sources */,
				E3A316951ADFD007002437B4 /* FirstViewController.m in Sources */,
				E3A3168F1ADFD007002437B4 /* main.m in Sources */,
			);
			runOnlyForDeploymentPostprocessing = 0;
		};
/* End PBXSourcesBuildPhase section */

/* Begin PBXVariantGroup section */
		E3A316991ADFD007002437B4 /* Main.storyboard */ = {
			isa = PBXVariantGroup;
			children = (
				E3A3169A1ADFD007002437B4 /* Base */,
			);
			name = Main.storyboard;
			sourceTree = "<group>";
		};
		E3A3169E1ADFD007002437B4 /* LaunchScreen.xib */ = {
			isa = PBXVariantGroup;
			children = (
				E3A3169F1ADFD007002437B4 /* Base */,
			);
			name = LaunchScreen.xib;
			sourceTree = "<group>";
		};
/* End PBXVariantGroup section */

/* Begin XCBuildConfiguration section */
		E3A316AD1ADFD007002437B4 /* Debug */ = {
			isa = XCBuildConfiguration;
			buildSettings = {
				ALWAYS_SEARCH_USER_PATHS = NO;
				CLANG_CXX_LANGUAGE_STANDARD = "gnu++0x";
				CLANG_CXX_LIBRARY = "libc++";
				CLANG_ENABLE_MODULES = YES;
				CLANG_ENABLE_OBJC_ARC = YES;
				CLANG_WARN_BOOL_CONVERSION = YES;
				CLANG_WARN_CONSTANT_CONVERSION = YES;
				CLANG_WARN_DIRECT_OBJC_ISA_USAGE = YES_ERROR;
				CLANG_WARN_EMPTY_BODY = YES;
				CLANG_WARN_ENUM_CONVERSION = YES;
				CLANG_WARN_INT_CONVERSION = YES;
				CLANG_WARN_OBJC_ROOT_CLASS = YES_ERROR;
				CLANG_WARN_UNREACHABLE_CODE = YES;
				CLANG_WARN__DUPLICATE_METHOD_MATCH = YES;
				"CODE_SIGN_IDENTITY[sdk=iphoneos*]" = "iPhone Developer";
				COPY_PHASE_STRIP = NO;
				ENABLE_STRICT_OBJC_MSGSEND = YES;
				GCC_C_LANGUAGE_STANDARD = gnu99;
				GCC_DYNAMIC_NO_PIC = NO;
				GCC_OPTIMIZATION_LEVEL = 0;
				GCC_PREPROCESSOR_DEFINITIONS = (
					"DEBUG=1",
					"$(inherited)",
				);
				GCC_SYMBOLS_PRIVATE_EXTERN = NO;
				GCC_WARN_64_TO_32_BIT_CONVERSION = YES;
				GCC_WARN_ABOUT_RETURN_TYPE = YES_ERROR;
				GCC_WARN_UNDECLARED_SELECTOR = YES;
				GCC_WARN_UNINITIALIZED_AUTOS = YES_AGGRESSIVE;
				GCC_WARN_UNUSED_FUNCTION = YES;
				GCC_WARN_UNUSED_VARIABLE = YES;
				IPHONEOS_DEPLOYMENT_TARGET = 8.2;
				MTL_ENABLE_DEBUG_INFO = YES;
				ONLY_ACTIVE_ARCH = YES;
				SDKROOT = iphoneos;
				TARGETED_DEVICE_FAMILY = "1,2";
			};
			name = Debug;
		};
		E3A316AE1ADFD007002437B4 /* Release */ = {
			isa = XCBuildConfiguration;
			buildSettings = {
				ALWAYS_SEARCH_USER_PATHS = NO;
				CLANG_CXX_LANGUAGE_STANDARD = "gnu++0x";
				CLANG_CXX_LIBRARY = "libc++";
				CLANG_ENABLE_MODULES = YES;
				CLANG_ENABLE_OBJC_ARC = YES;
				CLANG_WARN_BOOL_CONVERSION = YES;
				CLANG_WARN_CONSTANT_CONVERSION = YES;
				CLANG_WARN_DIRECT_OBJC_ISA_USAGE = YES_ERROR;
				CLANG_WARN_EMPTY_BODY = YES;
				CLANG_WARN_ENUM_CONVERSION = YES;
				CLANG_WARN_INT_CONVERSION = YES;
				CLANG_WARN_OBJC_ROOT_CLASS = YES_ERROR;
				CLANG_WARN_UNREACHABLE_CODE = YES;
				CLANG_WARN__DUPLICATE_METHOD_MATCH = YES;
				"CODE_SIGN_IDENTITY[sdk=iphoneos*]" = "iPhone Developer";
				COPY_PHASE_STRIP = NO;
				ENABLE_NS_ASSERTIONS = NO;
				ENABLE_STRICT_OBJC_MSGSEND = YES;
				GCC_C_LANGUAGE_STANDARD = gnu99;
				GCC_WARN_64_TO_32_BIT_CONVERSION = YES;
				GCC_WARN_ABOUT_RETURN_TYPE = YES_ERROR;
				GCC_WARN_UNDECLARED_SELECTOR = YES;
				GCC_WARN_UNINITIALIZED_AUTOS = YES_AGGRESSIVE;
				GCC_WARN_UNUSED_FUNCTION = YES;
				GCC_WARN_UNUSED_VARIABLE = YES;
				IPHONEOS_DEPLOYMENT_TARGET = 8.2;
				MTL_ENABLE_DEBUG_INFO = NO;
				SDKROOT = iphoneos;
				TARGETED_DEVICE_FAMILY = "1,2";
				VALIDATE_PRODUCT = YES;
			};
			name = Release;
		};
		E3A316B01ADFD007002437B4 /* Debug */ = {
			isa = XCBuildConfiguration;
			buildSettings = {
				ASSETCATALOG_COMPILER_APPICON_NAME = AppIcon;
				GCC_PRECOMPILE_PREFIX_HEADER = YES;
				GCC_PREFIX_HEADER = Test/Prefix.pch;
				INFOPLIST_FILE = Test/Info.plist;
				LD_RUNPATH_SEARCH_PATHS = "$(inherited) @executable_path/Frameworks";
				PRODUCT_NAME = "$(TARGET_NAME)";
			};
			name = Debug;
		};
		E3A316B11ADFD007002437B4 /* Release */ = {
			isa = XCBuildConfiguration;
			buildSettings = {
				ASSETCATALOG_COMPILER_APPICON_NAME = AppIcon;
				GCC_PRECOMPILE_PREFIX_HEADER = YES;
				GCC_PREFIX_HEADER = Test/Prefix.pch;
				INFOPLIST_FILE = Test/Info.plist;
				LD_RUNPATH_SEARCH_PATHS = "$(inherited) @executable_path/Frameworks";
				PRODUCT_NAME = "$(TARGET_NAME)";
			};
			name = Release;
		};
/* End XCBuildConfiguration section */

/* Begin XCConfigurationList section */
		E3A316841ADFD007002437B4 /* Build configuration list for PBXProject "Test" */ = {
			isa = XCConfigurationList;
			buildConfigurations = (
				E3A316AD1ADFD007002437B4 /* Debug */,
				E3A316AE1ADFD007002437B4 /* Release */,
			);
			defaultConfigurationIsVisible = 0;
			defaultConfigurationName = Release;
		};
		E3A316AF1ADFD007002437B4 /* Build configuration list for PBXNativeTarget "Test" */ = {
			isa = XCConfigurationList;
			buildConfigurations = (
				E3A316B01ADFD007002437B4 /* Debug */,
				E3A316B11ADFD007002437B4 /* Release */,
			);
			defaultConfigurationIsVisible = 0;
			defaultConfigurationName = Release;
		};
/* End XCConfigurationList section */
	};
	rootObject = E3A316811ADFD007002437B4 /* Project object */;
}
